
Microsoft Visual Studio Solution File, Format Version 12.00
# Visual Studio 14
VisualStudioVersion = 14.0.23107.0
MinimumVisualStudioVersion = 10.0.40219.1
Project("{FAE04EC0-301F-11D3-BF4B-00C04F79EFBC}") = "Run", "Run\Run.csproj", "{E2394706-11FE-4327-A28D-413D70270D64}"
EndProject
Project("{FAE04EC0-301F-11D3-BF4B-00C04F79EFBC}") = "Scripting", "Scripting\Scripting.csproj", "{C43FBE0A-42AF-4360-B978-35F7F8FDF1DC}"
EndProject
Project("{2150E333-8FDC-42A3-9474-1A3956D46DE8}") = "InfinityConsole", "InfinityConsole", "{D85CE171-72C4-4F4F-BC47-1BEE21E6B75E}"
EndProject
Project("{FAE04EC0-301F-11D3-BF4B-00C04F79EFBC}") = "igscon", "igscon\igscon.csproj", "{CF23EC81-31F6-4B3D-8325-6C83B8BF0380}"
EndProject
Project("{FAE04EC0-301F-11D3-BF4B-00C04F79EFBC}") = "Engine", "Engine\Engine.csproj", "{D2F1AFCA-3D2A-4AA1-BDA6-E391BC2716C5}"
EndProject
Project("{FAE04EC0-301F-11D3-BF4B-00C04F79EFBC}") = "icon", "icon\icon.csproj", "{B10FB479-C749-4BFC-B96A-6F58D03EEEF0}"
EndProject
Project("{2150E333-8FDC-42A3-9474-1A3956D46DE8}") = "Infinity IDE", "Infinity IDE", "{74F41C0A-74DE-4D6A-969C-5BAB8B314944}"
EndProject
Project("{FAE04EC0-301F-11D3-BF4B-00C04F79EFBC}") = "InfinityIDE", "InfinityIDE\InfinityIDE.csproj", "{69D4A639-1248-4102-B597-A19442A4AA44}"
EndProject
Project("{FAE04EC0-301F-11D3-BF4B-00C04F79EFBC}") = "InfinityGrammarIDE", "InfinityGrammarIDE\InfinityGrammarIDE.csproj", "{54F133A9-22A7-4455-BD02-7C32384C8217}"
EndProject
Global
	GlobalSection(SolutionConfigurationPlatforms) = preSolution
		Debug|Any CPU = Debug|Any CPU
		Debug|ARM = Debug|ARM
		Debug|x64 = Debug|x64
		Debug|x86 = Debug|x86
		Release|Any CPU = Release|Any CPU
		Release|ARM = Release|ARM
		Release|x64 = Release|x64
		Release|x86 = Release|x86
	EndGlobalSection
	GlobalSection(ProjectConfigurationPlatforms) = postSolution
		{E2394706-11FE-4327-A28D-413D70270D64}.Debug|Any CPU.ActiveCfg = Debug|Any CPU
		{E2394706-11FE-4327-A28D-413D70270D64}.Debug|Any CPU.Build.0 = Debug|Any CPU
		{E2394706-11FE-4327-A28D-413D70270D64}.Debug|ARM.ActiveCfg = Debug|Any CPU
		{E2394706-11FE-4327-A28D-413D70270D64}.Debug|ARM.Build.0 = Debug|Any CPU
		{E2394706-11FE-4327-A28D-413D70270D64}.Debug|x64.ActiveCfg = Debug|Any CPU
		{E2394706-11FE-4327-A28D-413D70270D64}.Debug|x64.Build.0 = Debug|Any CPU
		{E2394706-11FE-4327-A28D-413D70270D64}.Debug|x86.ActiveCfg = Debug|Any CPU
		{E2394706-11FE-4327-A28D-413D70270D64}.Debug|x86.Build.0 = Debug|Any CPU
		{E2394706-11FE-4327-A28D-413D70270D64}.Release|Any CPU.ActiveCfg = Release|Any CPU
		{E2394706-11FE-4327-A28D-413D70270D64}.Release|Any CPU.Build.0 = Release|Any CPU
		{E2394706-11FE-4327-A28D-413D70270D64}.Release|ARM.ActiveCfg = Release|Any CPU
		{E2394706-11FE-4327-A28D-413D70270D64}.Release|ARM.Build.0 = Release|Any CPU
		{E2394706-11FE-4327-A28D-413D70270D64}.Release|x64.ActiveCfg = Release|Any CPU
		{E2394706-11FE-4327-A28D-413D70270D64}.Release|x64.Build.0 = Release|Any CPU
		{E2394706-11FE-4327-A28D-413D70270D64}.Release|x86.ActiveCfg = Release|Any CPU
		{E2394706-11FE-4327-A28D-413D70270D64}.Release|x86.Build.0 = Release|Any CPU
		{C43FBE0A-42AF-4360-B978-35F7F8FDF1DC}.Debug|Any CPU.ActiveCfg = Debug|Any CPU
		{C43FBE0A-42AF-4360-B978-35F7F8FDF1DC}.Debug|Any CPU.Build.0 = Debug|Any CPU
		{C43FBE0A-42AF-4360-B978-35F7F8FDF1DC}.Debug|ARM.ActiveCfg = Debug|Any CPU
		{C43FBE0A-42AF-4360-B978-35F7F8FDF1DC}.Debug|ARM.Build.0 = Debug|Any CPU
		{C43FBE0A-42AF-4360-B978-35F7F8FDF1DC}.Debug|x64.ActiveCfg = Debug|Any CPU
		{C43FBE0A-42AF-4360-B978-35F7F8FDF1DC}.Debug|x64.Build.0 = Debug|Any CPU
		{C43FBE0A-42AF-4360-B978-35F7F8FDF1DC}.Debug|x86.ActiveCfg = Debug|Any CPU
		{C43FBE0A-42AF-4360-B978-35F7F8FDF1DC}.Debug|x86.Build.0 = Debug|Any CPU
		{C43FBE0A-42AF-4360-B978-35F7F8FDF1DC}.Release|Any CPU.ActiveCfg = Release|Any CPU
		{C43FBE0A-42AF-4360-B978-35F7F8FDF1DC}.Release|Any CPU.Build.0 = Release|Any CPU
		{C43FBE0A-42AF-4360-B978-35F7F8FDF1DC}.Release|ARM.ActiveCfg = Release|Any CPU
		{C43FBE0A-42AF-4360-B978-35F7F8FDF1DC}.Release|ARM.Build.0 = Release|Any CPU
		{C43FBE0A-42AF-4360-B978-35F7F8FDF1DC}.Release|x64.ActiveCfg = Release|Any CPU
		{C43FBE0A-42AF-4360-B978-35F7F8FDF1DC}.Release|x64.Build.0 = Release|Any CPU
		{C43FBE0A-42AF-4360-B978-35F7F8FDF1DC}.Release|x86.ActiveCfg = Release|Any CPU
		{C43FBE0A-42AF-4360-B978-35F7F8FDF1DC}.Release|x86.Build.0 = Release|Any CPU
		{CF23EC81-31F6-4B3D-8325-6C83B8BF0380}.Debug|Any CPU.ActiveCfg = Debug|Any CPU
		{CF23EC81-31F6-4B3D-8325-6C83B8BF0380}.Debug|Any CPU.Build.0 = Debug|Any CPU
		{CF23EC81-31F6-4B3D-8325-6C83B8BF0380}.Debug|ARM.ActiveCfg = Debug|Any CPU
		{CF23EC81-31F6-4B3D-8325-6C83B8BF0380}.Debug|ARM.Build.0 = Debug|Any CPU
		{CF23EC81-31F6-4B3D-8325-6C83B8BF0380}.Debug|x64.ActiveCfg = Debug|Any CPU
		{CF23EC81-31F6-4B3D-8325-6C83B8BF0380}.Debug|x64.Build.0 = Debug|Any CPU
		{CF23EC81-31F6-4B3D-8325-6C83B8BF0380}.Debug|x86.ActiveCfg = Debug|Any CPU
		{CF23EC81-31F6-4B3D-8325-6C83B8BF0380}.Debug|x86.Build.0 = Debug|Any CPU
		{CF23EC81-31F6-4B3D-8325-6C83B8BF0380}.Release|Any CPU.ActiveCfg = Release|Any CPU
		{CF23EC81-31F6-4B3D-8325-6C83B8BF0380}.Release|Any CPU.Build.0 = Release|Any CPU
		{CF23EC81-31F6-4B3D-8325-6C83B8BF0380}.Release|ARM.ActiveCfg = Release|Any CPU
		{CF23EC81-31F6-4B3D-8325-6C83B8BF0380}.Release|ARM.Build.0 = Release|Any CPU
		{CF23EC81-31F6-4B3D-8325-6C83B8BF0380}.Release|x64.ActiveCfg = Release|Any CPU
		{CF23EC81-31F6-4B3D-8325-6C83B8BF0380}.Release|x64.Build.0 = Release|Any CPU
		{CF23EC81-31F6-4B3D-8325-6C83B8BF0380}.Release|x86.ActiveCfg = Release|Any CPU
		{CF23EC81-31F6-4B3D-8325-6C83B8BF0380}.Release|x86.Build.0 = Release|Any CPU
		{D2F1AFCA-3D2A-4AA1-BDA6-E391BC2716C5}.Debug|Any CPU.ActiveCfg = Debug|Any CPU
		{D2F1AFCA-3D2A-4AA1-BDA6-E391BC2716C5}.Debug|Any CPU.Build.0 = Debug|Any CPU
		{D2F1AFCA-3D2A-4AA1-BDA6-E391BC2716C5}.Debug|ARM.ActiveCfg = Debug|Any CPU
		{D2F1AFCA-3D2A-4AA1-BDA6-E391BC2716C5}.Debug|ARM.Build.0 = Debug|Any CPU
		{D2F1AFCA-3D2A-4AA1-BDA6-E391BC2716C5}.Debug|x64.ActiveCfg = Debug|Any CPU
		{D2F1AFCA-3D2A-4AA1-BDA6-E391BC2716C5}.Debug|x64.Build.0 = Debug|Any CPU
		{D2F1AFCA-3D2A-4AA1-BDA6-E391BC2716C5}.Debug|x86.ActiveCfg = Debug|Any CPU
		{D2F1AFCA-3D2A-4AA1-BDA6-E391BC2716C5}.Debug|x86.Build.0 = Debug|Any CPU
		{D2F1AFCA-3D2A-4AA1-BDA6-E391BC2716C5}.Release|Any CPU.ActiveCfg = Release|Any CPU
		{D2F1AFCA-3D2A-4AA1-BDA6-E391BC2716C5}.Release|Any CPU.Build.0 = Release|Any CPU
		{D2F1AFCA-3D2A-4AA1-BDA6-E391BC2716C5}.Release|ARM.ActiveCfg = Release|Any CPU
		{D2F1AFCA-3D2A-4AA1-BDA6-E391BC2716C5}.Release|ARM.Build.0 = Release|Any CPU
		{D2F1AFCA-3D2A-4AA1-BDA6-E391BC2716C5}.Release|x64.ActiveCfg = Release|Any CPU
		{D2F1AFCA-3D2A-4AA1-BDA6-E391BC2716C5}.Release|x64.Build.0 = Release|Any CPU
		{D2F1AFCA-3D2A-4AA1-BDA6-E391BC2716C5}.Release|x86.ActiveCfg = Release|Any CPU
		{D2F1AFCA-3D2A-4AA1-BDA6-E391BC2716C5}.Release|x86.Build.0 = Release|Any CPU
		{B10FB479-C749-4BFC-B96A-6F58D03EEEF0}.Debug|Any CPU.ActiveCfg = Debug|Any CPU
		{B10FB479-C749-4BFC-B96A-6F58D03EEEF0}.Debug|Any CPU.Build.0 = Debug|Any CPU
		{B10FB479-C749-4BFC-B96A-6F58D03EEEF0}.Debug|ARM.ActiveCfg = Debug|Any CPU
		{B10FB479-C749-4BFC-B96A-6F58D03EEEF0}.Debug|ARM.Build.0 = Debug|Any CPU
		{B10FB479-C749-4BFC-B96A-6F58D03EEEF0}.Debug|x64.ActiveCfg = Debug|Any CPU
		{B10FB479-C749-4BFC-B96A-6F58D03EEEF0}.Debug|x64.Build.0 = Debug|Any CPU
		{B10FB479-C749-4BFC-B96A-6F58D03EEEF0}.Debug|x86.ActiveCfg = Debug|Any CPU
		{B10FB479-C749-4BFC-B96A-6F58D03EEEF0}.Debug|x86.Build.0 = Debug|Any CPU
		{B10FB479-C749-4BFC-B96A-6F58D03EEEF0}.Release|Any CPU.ActiveCfg = Release|Any CPU
		{B10FB479-C749-4BFC-B96A-6F58D03EEEF0}.Release|Any CPU.Build.0 = Release|Any CPU
		{B10FB479-C749-4BFC-B96A-6F58D03EEEF0}.Release|ARM.ActiveCfg = Release|Any CPU
		{B10FB479-C749-4BFC-B96A-6F58D03EEEF0}.Release|ARM.Build.0 = Release|Any CPU
		{B10FB479-C749-4BFC-B96A-6F58D03EEEF0}.Release|x64.ActiveCfg = Release|Any CPU
		{B10FB479-C749-4BFC-B96A-6F58D03EEEF0}.Release|x64.Build.0 = Release|Any CPU
		{B10FB479-C749-4BFC-B96A-6F58D03EEEF0}.Release|x86.ActiveCfg = Release|Any CPU
		{B10FB479-C749-4BFC-B96A-6F58D03EEEF0}.Release|x86.Build.0 = Release|Any CPU
		{69D4A639-1248-4102-B597-A19442A4AA44}.Debug|Any CPU.ActiveCfg = Debug|Any CPU
		{69D4A639-1248-4102-B597-A19442A4AA44}.Debug|Any CPU.Build.0 = Debug|Any CPU
		{69D4A639-1248-4102-B597-A19442A4AA44}.Debug|ARM.ActiveCfg = Debug|Any CPU
		{69D4A639-1248-4102-B597-A19442A4AA44}.Debug|ARM.Build.0 = Debug|Any CPU
		{69D4A639-1248-4102-B597-A19442A4AA44}.Debug|x64.ActiveCfg = Debug|Any CPU
		{69D4A639-1248-4102-B597-A19442A4AA44}.Debug|x64.Build.0 = Debug|Any CPU
		{69D4A639-1248-4102-B597-A19442A4AA44}.Debug|x86.ActiveCfg = Debug|Any CPU
		{69D4A639-1248-4102-B597-A19442A4AA44}.Debug|x86.Build.0 = Debug|Any CPU
		{69D4A639-1248-4102-B597-A19442A4AA44}.Release|Any CPU.ActiveCfg = Release|Any CPU
		{69D4A639-1248-4102-B597-A19442A4AA44}.Release|Any CPU.Build.0 = Release|Any CPU
		{69D4A639-1248-4102-B597-A19442A4AA44}.Release|ARM.ActiveCfg = Release|Any CPU
		{69D4A639-1248-4102-B597-A19442A4AA44}.Release|ARM.Build.0 = Release|Any CPU
		{69D4A639-1248-4102-B597-A19442A4AA44}.Release|x64.ActiveCfg = Release|Any CPU
		{69D4A639-1248-4102-B597-A19442A4AA44}.Release|x64.Build.0 = Release|Any CPU
		{69D4A639-1248-4102-B597-A19442A4AA44}.Release|x86.ActiveCfg = Release|Any CPU
		{69D4A639-1248-4102-B597-A19442A4AA44}.Release|x86.Build.0 = Release|Any CPU
		{54F133A9-22A7-4455-BD02-7C32384C8217}.Debug|Any CPU.ActiveCfg = Debug|Any CPU
		{54F133A9-22A7-4455-BD02-7C32384C8217}.Debug|Any CPU.Build.0 = Debug|Any CPU
		{54F133A9-22A7-4455-BD02-7C32384C8217}.Debug|ARM.ActiveCfg = Debug|Any CPU
		{54F133A9-22A7-4455-BD02-7C32384C8217}.Debug|ARM.Build.0 = Debug|Any CPU
		{54F133A9-22A7-4455-BD02-7C32384C8217}.Debug|x64.ActiveCfg = Debug|Any CPU
		{54F133A9-22A7-4455-BD02-7C32384C8217}.Debug|x64.Build.0 = Debug|Any CPU
		{54F133A9-22A7-4455-BD02-7C32384C8217}.Debug|x86.ActiveCfg = Debug|Any CPU
		{54F133A9-22A7-4455-BD02-7C32384C8217}.Debug|x86.Build.0 = Debug|Any CPU
		{54F133A9-22A7-4455-BD02-7C32384C8217}.Release|Any CPU.ActiveCfg = Release|Any CPU
		{54F133A9-22A7-4455-BD02-7C32384C8217}.Release|Any CPU.Build.0 = Release|Any CPU
		{54F133A9-22A7-4455-BD02-7C32384C8217}.Release|ARM.ActiveCfg = Release|Any CPU
		{54F133A9-22A7-4455-BD02-7C32384C8217}.Release|ARM.Build.0 = Release|Any CPU
		{54F133A9-22A7-4455-BD02-7C32384C8217}.Release|x64.ActiveCfg = Release|Any CPU
		{54F133A9-22A7-4455-BD02-7C32384C8217}.Release|x64.Build.0 = Release|Any CPU
		{54F133A9-22A7-4455-BD02-7C32384C8217}.Release|x86.ActiveCfg = Release|Any CPU
		{54F133A9-22A7-4455-BD02-7C32384C8217}.Release|x86.Build.0 = Release|Any CPU
	EndGlobalSection
	GlobalSection(SolutionProperties) = preSolution
		HideSolutionNode = FALSE
	EndGlobalSection
	GlobalSection(NestedProjects) = preSolution
		{CF23EC81-31F6-4B3D-8325-6C83B8BF0380} = {D85CE171-72C4-4F4F-BC47-1BEE21E6B75E}
		{B10FB479-C749-4BFC-B96A-6F58D03EEEF0} = {D85CE171-72C4-4F4F-BC47-1BEE21E6B75E}
		{69D4A639-1248-4102-B597-A19442A4AA44} = {74F41C0A-74DE-4D6A-969C-5BAB8B314944}
		{54F133A9-22A7-4455-BD02-7C32384C8217} = {74F41C0A-74DE-4D6A-969C-5BAB8B314944}
	EndGlobalSection
EndGlobal
